// !$*UTF8*$!
{
	archiveVersion = 1;
	classes = {
	};
	objectVersion = 46;
	objects = {

/* Begin PBXAggregateTarget section */
		66686D9C2FD74818BA096D21 /* ZERO_CHECK */ = {
			isa = PBXAggregateTarget;
			buildConfigurationList = 865F081044AD434D96D1F5A5 /* Build configuration list for PBXAggregateTarget "ZERO_CHECK" */;
			buildPhases = (
				2E8D29F708F94B1AB8D7C1EB /* CMake Rules */,
			);
			dependencies = (
			);
			name = ZERO_CHECK;
			productName = ZERO_CHECK;
		};
		A1177309152448B7A52553C6 /* ALL_BUILD */ = {
			isa = PBXAggregateTarget;
			buildConfigurationList = 0050B43F9322420696C93906 /* Build configuration list for PBXAggregateTarget "ALL_BUILD" */;
			buildPhases = (
				53083C7896A84C3A8789B4BC /* CMake Rules */,
			);
			dependencies = (
				80F4BD4A2C58454DA6FE1264 /* PBXTargetDependency */,
				96B6907AAFD64FEB8644C99A /* PBXTargetDependency */,
			);
			name = ALL_BUILD;
			productName = ALL_BUILD;
		};
/* End PBXAggregateTarget section */

/* Begin PBXBuildFile section */
		BFF4990E35EC46F18B6C7B5B /* main.cpp in Sources */ = {isa = PBXBuildFile; fileRef = 350295A421124179B2031B2A /* main.cpp */; settings = {COMPILER_FLAGS = ""; }; };
/* End PBXBuildFile section */

/* Begin PBXContainerItemProxy section */
		21E82850F56A47C583BDF3B5 /* PBXContainerItemProxy */ = {
			isa = PBXContainerItemProxy;
			containerPortal = 87D9ED75D6AD46488339D95F /* Project object */;
			proxyType = 1;
			remoteGlobalIDString = 66686D9C2FD74818BA096D21;
			remoteInfo = ZERO_CHECK;
		};
		BB5C8ECFA630467C9C5E0A94 /* PBXContainerItemProxy */ = {
			isa = PBXContainerItemProxy;
			containerPortal = 87D9ED75D6AD46488339D95F /* Project object */;
			proxyType = 1;
			remoteGlobalIDString = 66686D9C2FD74818BA096D21;
			remoteInfo = ZERO_CHECK;
		};
		C9AC0F21D4164AD5A9E1B9DB /* PBXContainerItemProxy */ = {
			isa = PBXContainerItemProxy;
			containerPortal = 87D9ED75D6AD46488339D95F /* Project object */;
			proxyType = 1;
			remoteGlobalIDString = EF89C1A5728E4320B293F998;
			remoteInfo = test00;
		};
/* End PBXContainerItemProxy section */

/* Begin PBXFileReference section */
		03C7B748E26B42888DDDC3B7 /* CMakeLists.txt */ = {isa = PBXFileReference; explicitFileType = sourcecode.text; fileEncoding = 4; lastKnownFileType = text; path = CMakeLists.txt; sourceTree = SOURCE_ROOT; };
		350295A421124179B2031B2A /* main.cpp */ = {isa = PBXFileReference; explicitFileType = sourcecode.cpp.cpp; fileEncoding = 4; name = main.cpp; path = src/main.cpp; sourceTree = SOURCE_ROOT; };
		372D98998F33438981808973 /* CMakeLists.txt */ = {isa = PBXFileReference; explicitFileType = sourcecode.text; fileEncoding = 4; lastKnownFileType = text; path = CMakeLists.txt; sourceTree = SOURCE_ROOT; };
		7D9EE6C6AD334F7DAA1EEE83 /* test00 */ = {isa = PBXFileReference; explicitFileType = "compiled.mach-o.executable"; path = test00; sourceTree = BUILT_PRODUCTS_DIR; };
		CBED2D3CA6014132B7699801 /* CMakeLists.txt */ = {isa = PBXFileReference; explicitFileType = sourcecode.text; fileEncoding = 4; lastKnownFileType = text; name = CMakeLists.txt; path = src/CMakeLists.txt; sourceTree = SOURCE_ROOT; };
/* End PBXFileReference section */

/* Begin PBXGroup section */
		139311E2DC44477C887D415F /* Sources */ = {
			isa = PBXGroup;
			children = (
				3826F757EA96403595FC39FB /* ZERO_CHECK */,
				795D918A11D94A6DAECF0295 /* ALL_BUILD */,
				70A1B6DDC7CD41759EA0DB6A /* test00 */,
			);
			name = Sources;
			sourceTree = "<group>";
		};
		2B6B8572D00744D9A90AFAA7 /* Resources */ = {
			isa = PBXGroup;
			children = (
			);
			name = Resources;
			sourceTree = "<group>";
		};
		3826F757EA96403595FC39FB /* ZERO_CHECK */ = {
			isa = PBXGroup;
			children = (
				85441D42AF30465FBD8CC3CA /* CMake Rules */,
				03C7B748E26B42888DDDC3B7 /* CMakeLists.txt */,
			);
			name = ZERO_CHECK;
			sourceTree = "<group>";
		};
		70A1B6DDC7CD41759EA0DB6A /* test00 */ = {
			isa = PBXGroup;
			children = (
				897BF39142644D76A4098A3E /* Source Files */,
				CBED2D3CA6014132B7699801 /* CMakeLists.txt */,
			);
			name = test00;
			sourceTree = "<group>";
		};
		795D918A11D94A6DAECF0295 /* ALL_BUILD */ = {
			isa = PBXGroup;
			children = (
				85AA9A6A8FAC4D118CBA0C55 /* CMake Rules */,
				372D98998F33438981808973 /* CMakeLists.txt */,
			);
			name = ALL_BUILD;
			sourceTree = "<group>";
		};
		85441D42AF30465FBD8CC3CA /* CMake Rules */ = {
			isa = PBXGroup;
			children = (
			);
			name = "CMake Rules";
			sourceTree = "<group>";
		};
		85AA9A6A8FAC4D118CBA0C55 /* CMake Rules */ = {
			isa = PBXGroup;
			children = (
			);
			name = "CMake Rules";
			sourceTree = "<group>";
		};
		897BF39142644D76A4098A3E /* Source Files */ = {
			isa = PBXGroup;
			children = (
				350295A421124179B2031B2A /* main.cpp */,
			);
			name = "Source Files";
			sourceTree = "<group>";
		};
		D35A69DAD838409A94413EEE /* Products */ = {
			isa = PBXGroup;
			children = (
				7D9EE6C6AD334F7DAA1EEE83 /* test00 */,
			);
			name = Products;
			sourceTree = "<group>";
		};
		EA7F88BCCCC143C3B8FAA2E2 = {
			isa = PBXGroup;
			children = (
				139311E2DC44477C887D415F /* Sources */,
				2B6B8572D00744D9A90AFAA7 /* Resources */,
				D35A69DAD838409A94413EEE /* Products */,
			);
			sourceTree = "<group>";
		};
/* End PBXGroup section */

/* Begin PBXNativeTarget section */
		EF89C1A5728E4320B293F998 /* test00 */ = {
			isa = PBXNativeTarget;
			buildConfigurationList = C5FA45CF1D174A65B40B3573 /* Build configuration list for PBXNativeTarget "test00" */;
			buildPhases = (
				8F10AEA2562A47D7BF2E81F8 /* Sources */,
			);
			buildRules = (
			);
			dependencies = (
				4CA397F8069C46EB8A03D86F /* PBXTargetDependency */,
			);
			name = test00;
			productName = test00;
			productReference = 7D9EE6C6AD334F7DAA1EEE83 /* test00 */;
			productType = "com.apple.product-type.tool";
		};
/* End PBXNativeTarget section */

/* Begin PBXProject section */
		87D9ED75D6AD46488339D95F /* Project object */ = {
			isa = PBXProject;
			attributes = {
				BuildIndependentTargetsInParallel = YES;
				LastUpgradeCheck = 0720;
			};
			buildConfigurationList = E172AE7ECA7D46DC8CECEFFC /* Build configuration list for PBXProject "test00" */;
			compatibilityVersion = "Xcode 3.2";
			developmentRegion = English;
			hasScannedForEncodings = 0;
			knownRegions = (
				en,
			);
			mainGroup = EA7F88BCCCC143C3B8FAA2E2;
			projectDirPath = ../;
			projectRoot = "";
			targets = (
				A1177309152448B7A52553C6 /* ALL_BUILD */,
				66686D9C2FD74818BA096D21 /* ZERO_CHECK */,
				EF89C1A5728E4320B293F998 /* test00 */,
			);
		};
/* End PBXProject section */

/* Begin PBXShellScriptBuildPhase section */
		2E8D29F708F94B1AB8D7C1EB /* CMake Rules */ = {
			isa = PBXShellScriptBuildPhase;
			buildActionMask = 2147483647;
			files = (
			);
			name = "CMake Rules";
			runOnlyForDeploymentPostprocessing = 0;
			shellPath = /bin/sh;
			shellScript = "make -C /Users/yanai/Desktop/curlppTest/Mac/test00/xcode -f /Users/yanai/Desktop/curlppTest/Mac/test00/xcode/CMakeScripts/ZERO_CHECK_cmakeRulesBuildPhase.make$CONFIGURATION all";
			showEnvVarsInLog = 0;
		};
		53083C7896A84C3A8789B4BC /* CMake Rules */ = {
			isa = PBXShellScriptBuildPhase;
			buildActionMask = 2147483647;
			files = (
			);
			name = "CMake Rules";
			runOnlyForDeploymentPostprocessing = 0;
			shellPath = /bin/sh;
			shellScript = "make -C /Users/yanai/Desktop/curlppTest/Mac/test00/xcode -f /Users/yanai/Desktop/curlppTest/Mac/test00/xcode/CMakeScripts/ALL_BUILD_cmakeRulesBuildPhase.make$CONFIGURATION all";
			showEnvVarsInLog = 0;
		};
/* End PBXShellScriptBuildPhase section */

/* Begin PBXSourcesBuildPhase section */
		8F10AEA2562A47D7BF2E81F8 /* Sources */ = {
			isa = PBXSourcesBuildPhase;
			buildActionMask = 2147483647;
			files = (
				BFF4990E35EC46F18B6C7B5B /* main.cpp in Sources */,
			);
			runOnlyForDeploymentPostprocessing = 0;
		};
/* End PBXSourcesBuildPhase section */

/* Begin PBXTargetDependency section */
		4CA397F8069C46EB8A03D86F /* PBXTargetDependency */ = {
			isa = PBXTargetDependency;
			target = 66686D9C2FD74818BA096D21 /* ZERO_CHECK */;
			targetProxy = BB5C8ECFA630467C9C5E0A94 /* PBXContainerItemProxy */;
		};
		80F4BD4A2C58454DA6FE1264 /* PBXTargetDependency */ = {
			isa = PBXTargetDependency;
			target = 66686D9C2FD74818BA096D21 /* ZERO_CHECK */;
			targetProxy = 21E82850F56A47C583BDF3B5 /* PBXContainerItemProxy */;
		};
		96B6907AAFD64FEB8644C99A /* PBXTargetDependency */ = {
			isa = PBXTargetDependency;
			target = EF89C1A5728E4320B293F998 /* test00 */;
			targetProxy = C9AC0F21D4164AD5A9E1B9DB /* PBXContainerItemProxy */;
		};
/* End PBXTargetDependency section */

/* Begin XCBuildConfiguration section */
		304700C69AA146C0AF6890DF /* Release */ = {
			isa = XCBuildConfiguration;
			buildSettings = {
				COMBINE_HIDPI_IMAGES = YES;
				GCC_GENERATE_DEBUGGING_SYMBOLS = YES;
				GCC_INLINES_ARE_PRIVATE_EXTERN = NO;
				GCC_OPTIMIZATION_LEVEL = 0;
				GCC_PREPROCESSOR_DEFINITIONS = "'CMAKE_INTDIR=\"$(CONFIGURATION)$(EFFECTIVE_PLATFORM_NAME)\"'";
				GCC_SYMBOLS_PRIVATE_EXTERN = NO;
				INSTALL_PATH = "";
				OTHER_LDFLAGS = " ";
				OTHER_REZFLAGS = "";
				PRODUCT_NAME = ZERO_CHECK;
				SECTORDER_FLAGS = "";
				SYMROOT = /Users/yanai/Desktop/curlppTest/Mac/test00/xcode;
				USE_HEADERMAP = NO;
				WARNING_CFLAGS = (
					"-Wmost",
					"-Wno-four-char-constants",
					"-Wno-unknown-pragmas",
					"$(inherited)",
				);
			};
			name = Release;
		};
		3781E520188A4D72B45B015E /* MinSizeRel */ = {
			isa = XCBuildConfiguration;
			buildSettings = {
				COMBINE_HIDPI_IMAGES = YES;
				GCC_GENERATE_DEBUGGING_SYMBOLS = YES;
				GCC_INLINES_ARE_PRIVATE_EXTERN = NO;
				GCC_OPTIMIZATION_LEVEL = 0;
				GCC_PREPROCESSOR_DEFINITIONS = "'CMAKE_INTDIR=\"$(CONFIGURATION)$(EFFECTIVE_PLATFORM_NAME)\"'";
				GCC_SYMBOLS_PRIVATE_EXTERN = NO;
				INSTALL_PATH = "";
				OTHER_LDFLAGS = " ";
				OTHER_REZFLAGS = "";
				PRODUCT_NAME = ZERO_CHECK;
				SECTORDER_FLAGS = "";
				SYMROOT = /Users/yanai/Desktop/curlppTest/Mac/test00/xcode;
				USE_HEADERMAP = NO;
				WARNING_CFLAGS = (
					"-Wmost",
					"-Wno-four-char-constants",
					"-Wno-unknown-pragmas",
					"$(inherited)",
				);
			};
			name = MinSizeRel;
		};
		39E6AE41CF784C5D927FDB2C /* RelWithDebInfo */ = {
			isa = XCBuildConfiguration;
			buildSettings = {
				ONLY_ACTIVE_ARCH = YES;
				SDKROOT = /Applications/Xcode.app/Contents/Developer/Platforms/MacOSX.platform/Developer/SDKs/MacOSX10.11.sdk;
				SYMROOT = /Users/yanai/Desktop/curlppTest/Mac/test00/xcode/build;
			};
			name = RelWithDebInfo;
		};
		4B3BB48E9DE74B5AA8620815 /* MinSizeRel */ = {
			isa = XCBuildConfiguration;
			buildSettings = {
				ONLY_ACTIVE_ARCH = YES;
				SDKROOT = /Applications/Xcode.app/Contents/Developer/Platforms/MacOSX.platform/Developer/SDKs/MacOSX10.11.sdk;
				SYMROOT = /Users/yanai/Desktop/curlppTest/Mac/test00/xcode/build;
			};
			name = MinSizeRel;
		};
		52F6DD3FFA4A4B0099F7CA1C /* MinSizeRel */ = {
			isa = XCBuildConfiguration;
			buildSettings = {
				COMBINE_HIDPI_IMAGES = YES;
				EXECUTABLE_PREFIX = "";
				EXECUTABLE_SUFFIX = "";
				GCC_GENERATE_DEBUGGING_SYMBOLS = NO;
				GCC_INLINES_ARE_PRIVATE_EXTERN = NO;
				GCC_OPTIMIZATION_LEVEL = s;
				GCC_PREPROCESSOR_DEFINITIONS = "'CMAKE_INTDIR=\"$(CONFIGURATION)$(EFFECTIVE_PLATFORM_NAME)\"'";
				GCC_SYMBOLS_PRIVATE_EXTERN = NO;
				HEADER_SEARCH_PATHS = /Users/yanai/Desktop/curlppTest/Mac/test00/include;
				INSTALL_PATH = "";
				LD_RUNPATH_SEARCH_PATHS = /Users/yanai/Desktop/curlppTest/Mac/test00/lib;
				LIBRARY_SEARCH_PATHS = "";
				OTHER_CPLUSPLUSFLAGS = (
					"-DNDEBUG",
					"-std=c++14",
				);
				OTHER_LDFLAGS = (
					"-Wl,-search_paths_first",
					"-Wl,-headerpad_max_install_names",
					/Users/yanai/Desktop/curlppTest/Mac/test00/lib/libcurlpp.dylib,
				);
				OTHER_REZFLAGS = "";
				PRODUCT_NAME = test00;
				SECTORDER_FLAGS = "";
				SYMROOT = /Users/yanai/Desktop/curlppTest/Mac/test00/xcode/src;
				USE_HEADERMAP = NO;
				WARNING_CFLAGS = (
					"-Wmost",
					"-Wno-four-char-constants",
					"-Wno-unknown-pragmas",
					"$(inherited)",
				);
			};
			name = MinSizeRel;
		};
		56651F364C294F7698DCE030 /* Release */ = {
			isa = XCBuildConfiguration;
			buildSettings = {
				COMBINE_HIDPI_IMAGES = YES;
				EXECUTABLE_PREFIX = "";
				EXECUTABLE_SUFFIX = "";
				GCC_GENERATE_DEBUGGING_SYMBOLS = NO;
				GCC_INLINES_ARE_PRIVATE_EXTERN = NO;
				GCC_OPTIMIZATION_LEVEL = 3;
				GCC_PREPROCESSOR_DEFINITIONS = "'CMAKE_INTDIR=\"$(CONFIGURATION)$(EFFECTIVE_PLATFORM_NAME)\"'";
				GCC_SYMBOLS_PRIVATE_EXTERN = NO;
				HEADER_SEARCH_PATHS = /Users/yanai/Desktop/curlppTest/Mac/test00/include;
				INSTALL_PATH = "";
				LD_RUNPATH_SEARCH_PATHS = /Users/yanai/Desktop/curlppTest/Mac/test00/lib;
				LIBRARY_SEARCH_PATHS = "";
				OTHER_CPLUSPLUSFLAGS = (
					"-DNDEBUG",
					"-std=c++14",
				);
				OTHER_LDFLAGS = (
					"-Wl,-search_paths_first",
					"-Wl,-headerpad_max_install_names",
					/Users/yanai/Desktop/curlppTest/Mac/test00/lib/libcurlpp.dylib,
				);
				OTHER_REZFLAGS = "";
				PRODUCT_NAME = test00;
				SECTORDER_FLAGS = "";
				SYMROOT = /Users/yanai/Desktop/curlppTest/Mac/test00/xcode/src;
				USE_HEADERMAP = NO;
				WARNING_CFLAGS = (
					"-Wmost",
					"-Wno-four-char-constants",
					"-Wno-unknown-pragmas",
					"$(inherited)",
				);
			};
			name = Release;
		};
		6C3DDE69D5DD4CEF96017D14 /* MinSizeRel */ = {
			isa = XCBuildConfiguration;
			buildSettings = {
				COMBINE_HIDPI_IMAGES = YES;
				GCC_GENERATE_DEBUGGING_SYMBOLS = YES;
				GCC_INLINES_ARE_PRIVATE_EXTERN = NO;
				GCC_OPTIMIZATION_LEVEL = 0;
				GCC_PREPROCESSOR_DEFINITIONS = "'CMAKE_INTDIR=\"$(CONFIGURATION)$(EFFECTIVE_PLATFORM_NAME)\"'";
				GCC_SYMBOLS_PRIVATE_EXTERN = NO;
				INSTALL_PATH = "";
				OTHER_LDFLAGS = " ";
				OTHER_REZFLAGS = "";
				PRODUCT_NAME = ALL_BUILD;
				SECTORDER_FLAGS = "";
				SYMROOT = /Users/yanai/Desktop/curlppTest/Mac/test00/xcode;
				USE_HEADERMAP = NO;
				WARNING_CFLAGS = (
					"-Wmost",
					"-Wno-four-char-constants",
					"-Wno-unknown-pragmas",
					"$(inherited)",
				);
			};
			name = MinSizeRel;
		};
		78099BE53354445EA25C3145 /* Debug */ = {
			isa = XCBuildConfiguration;
			buildSettings = {
				ENABLE_TESTABILITY = YES;
				ONLY_ACTIVE_ARCH = YES;
				SDKROOT = /Applications/Xcode.app/Contents/Developer/Platforms/MacOSX.platform/Developer/SDKs/MacOSX10.11.sdk;
				SYMROOT = /Users/yanai/Desktop/curlppTest/Mac/test00/xcode/build;
			};
			name = Debug;
		};
		809D5847D5B84CE48EE8B0D5 /* Debug */ = {
			isa = XCBuildConfiguration;
			buildSettings = {
				COMBINE_HIDPI_IMAGES = YES;
				GCC_GENERATE_DEBUGGING_SYMBOLS = YES;
				GCC_INLINES_ARE_PRIVATE_EXTERN = NO;
				GCC_OPTIMIZATION_LEVEL = 0;
				GCC_PREPROCESSOR_DEFINITIONS = "'CMAKE_INTDIR=\"$(CONFIGURATION)$(EFFECTIVE_PLATFORM_NAME)\"'";
				GCC_SYMBOLS_PRIVATE_EXTERN = NO;
				INSTALL_PATH = "";
				OTHER_LDFLAGS = " ";
				OTHER_REZFLAGS = "";
				PRODUCT_NAME = ALL_BUILD;
				SECTORDER_FLAGS = "";
				SYMROOT = /Users/yanai/Desktop/curlppTest/Mac/test00/xcode;
				USE_HEADERMAP = NO;
				WARNING_CFLAGS = (
					"-Wmost",
					"-Wno-four-char-constants",
					"-Wno-unknown-pragmas",
					"$(inherited)",
				);
			};
			name = Debug;
		};
		94FBD31D34314E4FAA9CDFD8 /* Release */ = {
			isa = XCBuildConfiguration;
			buildSettings = {
				COMBINE_HIDPI_IMAGES = YES;
				GCC_GENERATE_DEBUGGING_SYMBOLS = YES;
				GCC_INLINES_ARE_PRIVATE_EXTERN = NO;
				GCC_OPTIMIZATION_LEVEL = 0;
				GCC_PREPROCESSOR_DEFINITIONS = "'CMAKE_INTDIR=\"$(CONFIGURATION)$(EFFECTIVE_PLATFORM_NAME)\"'";
				GCC_SYMBOLS_PRIVATE_EXTERN = NO;
				INSTALL_PATH = "";
				OTHER_LDFLAGS = " ";
				OTHER_REZFLAGS = "";
				PRODUCT_NAME = ALL_BUILD;
				SECTORDER_FLAGS = "";
				SYMROOT = /Users/yanai/Desktop/curlppTest/Mac/test00/xcode;
				USE_HEADERMAP = NO;
				WARNING_CFLAGS = (
					"-Wmost",
					"-Wno-four-char-constants",
					"-Wno-unknown-pragmas",
					"$(inherited)",
				);
			};
			name = Release;
		};
		9CA6CC716A924147A3687391 /* RelWithDebInfo */ = {
			isa = XCBuildConfiguration;
			buildSettings = {
				COMBINE_HIDPI_IMAGES = YES;
				GCC_GENERATE_DEBUGGING_SYMBOLS = YES;
				GCC_INLINES_ARE_PRIVATE_EXTERN = NO;
				GCC_OPTIMIZATION_LEVEL = 0;
				GCC_PREPROCESSOR_DEFINITIONS = "'CMAKE_INTDIR=\"$(CONFIGURATION)$(EFFECTIVE_PLATFORM_NAME)\"'";
				GCC_SYMBOLS_PRIVATE_EXTERN = NO;
				INSTALL_PATH = "";
				OTHER_LDFLAGS = " ";
				OTHER_REZFLAGS = "";
				PRODUCT_NAME = ZERO_CHECK;
				SECTORDER_FLAGS = "";
				SYMROOT = /Users/yanai/Desktop/curlppTest/Mac/test00/xcode;
				USE_HEADERMAP = NO;
				WARNING_CFLAGS = (
					"-Wmost",
					"-Wno-four-char-constants",
					"-Wno-unknown-pragmas",
					"$(inherited)",
				);
			};
			name = RelWithDebInfo;
		};
		A2C581566B5749C8AC2D68E0 /* Debug */ = {
			isa = XCBuildConfiguration;
			buildSettings = {
				COMBINE_HIDPI_IMAGES = YES;
				GCC_GENERATE_DEBUGGING_SYMBOLS = YES;
				GCC_INLINES_ARE_PRIVATE_EXTERN = NO;
				GCC_OPTIMIZATION_LEVEL = 0;
				GCC_PREPROCESSOR_DEFINITIONS = "'CMAKE_INTDIR=\"$(CONFIGURATION)$(EFFECTIVE_PLATFORM_NAME)\"'";
				GCC_SYMBOLS_PRIVATE_EXTERN = NO;
				INSTALL_PATH = "";
				OTHER_LDFLAGS = " ";
				OTHER_REZFLAGS = "";
				PRODUCT_NAME = ZERO_CHECK;
				SECTORDER_FLAGS = "";
				SYMROOT = /Users/yanai/Desktop/curlppTest/Mac/test00/xcode;
				USE_HEADERMAP = NO;
				WARNING_CFLAGS = (
					"-Wmost",
					"-Wno-four-char-constants",
					"-Wno-unknown-pragmas",
					"$(inherited)",
				);
			};
			name = Debug;
		};
		B0FBBCF123ED41F4BF259115 /* RelWithDebInfo */ = {
			isa = XCBuildConfiguration;
			buildSettings = {
				COMBINE_HIDPI_IMAGES = YES;
				EXECUTABLE_PREFIX = "";
				EXECUTABLE_SUFFIX = "";
				GCC_GENERATE_DEBUGGING_SYMBOLS = YES;
				GCC_INLINES_ARE_PRIVATE_EXTERN = NO;
				GCC_OPTIMIZATION_LEVEL = 2;
				GCC_PREPROCESSOR_DEFINITIONS = "'CMAKE_INTDIR=\"$(CONFIGURATION)$(EFFECTIVE_PLATFORM_NAME)\"'";
				GCC_SYMBOLS_PRIVATE_EXTERN = NO;
				HEADER_SEARCH_PATHS = /Users/yanai/Desktop/curlppTest/Mac/test00/include;
				INSTALL_PATH = "";
				LD_RUNPATH_SEARCH_PATHS = /Users/yanai/Desktop/curlppTest/Mac/test00/lib;
				LIBRARY_SEARCH_PATHS = "";
				OTHER_CPLUSPLUSFLAGS = (
					"-DNDEBUG",
					"-std=c++14",
				);
				OTHER_LDFLAGS = (
					"-Wl,-search_paths_first",
					"-Wl,-headerpad_max_install_names",
					/Users/yanai/Desktop/curlppTest/Mac/test00/lib/libcurlpp.dylib,
				);
				OTHER_REZFLAGS = "";
				PRODUCT_NAME = test00;
				SECTORDER_FLAGS = "";
				SYMROOT = /Users/yanai/Desktop/curlppTest/Mac/test00/xcode/src;
				USE_HEADERMAP = NO;
				WARNING_CFLAGS = (
					"-Wmost",
					"-Wno-four-char-constants",
					"-Wno-unknown-pragmas",
					"$(inherited)",
				);
			};
			name = RelWithDebInfo;
		};
		D370DFF5A722408AA17A98B2 /* Debug */ = {
			isa = XCBuildConfiguration;
			buildSettings = {
				COMBINE_HIDPI_IMAGES = YES;
				EXECUTABLE_PREFIX = "";
				EXECUTABLE_SUFFIX = "";
				GCC_GENERATE_DEBUGGING_SYMBOLS = YES;
				GCC_INLINES_ARE_PRIVATE_EXTERN = NO;
				GCC_OPTIMIZATION_LEVEL = 0;
				GCC_PREPROCESSOR_DEFINITIONS = "'CMAKE_INTDIR=\"$(CONFIGURATION)$(EFFECTIVE_PLATFORM_NAME)\"'";
				GCC_SYMBOLS_PRIVATE_EXTERN = NO;
				HEADER_SEARCH_PATHS = /Users/yanai/Desktop/curlppTest/Mac/test00/include;
				INSTALL_PATH = "";
				LD_RUNPATH_SEARCH_PATHS = /Users/yanai/Desktop/curlppTest/Mac/test00/lib;
				LIBRARY_SEARCH_PATHS = "";
				OTHER_CPLUSPLUSFLAGS = "     -std=c++14";
				OTHER_LDFLAGS = (
					"-Wl,-search_paths_first",
					"-Wl,-headerpad_max_install_names",
					/Users/yanai/Desktop/curlppTest/Mac/test00/lib/libcurlpp.dylib,
				);
				OTHER_REZFLAGS = "";
				PRODUCT_NAME = test00;
				SECTORDER_FLAGS = "";
				SYMROOT = /Users/yanai/Desktop/curlppTest/Mac/test00/xcode/src;
				USE_HEADERMAP = NO;
				WARNING_CFLAGS = (
					"-Wmost",
					"-Wno-four-char-constants",
					"-Wno-unknown-pragmas",
					"$(inherited)",
				);
			};
			name = Debug;
		};
		E873B791E1594517B0A29859 /* RelWithDebInfo */ = {
			isa = XCBuildConfiguration;
			buildSettings = {
				COMBINE_HIDPI_IMAGES = YES;
				GCC_GENERATE_DEBUGGING_SYMBOLS = YES;
				GCC_INLINES_ARE_PRIVATE_EXTERN = NO;
				GCC_OPTIMIZATION_LEVEL = 0;
				GCC_PREPROCESSOR_DEFINITIONS = "'CMAKE_INTDIR=\"$(CONFIGURATION)$(EFFECTIVE_PLATFORM_NAME)\"'";
				GCC_SYMBOLS_PRIVATE_EXTERN = NO;
				INSTALL_PATH = "";
				OTHER_LDFLAGS = " ";
				OTHER_REZFLAGS = "";
				PRODUCT_NAME = ALL_BUILD;
				SECTORDER_FLAGS = "";
				SYMROOT = /Users/yanai/Desktop/curlppTest/Mac/test00/xcode;
				USE_HEADERMAP = NO;
				WARNING_CFLAGS = (
					"-Wmost",
					"-Wno-four-char-constants",
					"-Wno-unknown-pragmas",
					"$(inherited)",
				);
			};
			name = RelWithDebInfo;
		};
		FA4E980D9D654ED5A4BFCB9C /* Release */ = {
			isa = XCBuildConfiguration;
			buildSettings = {
				ONLY_ACTIVE_ARCH = YES;
				SDKROOT = /Applications/Xcode.app/Contents/Developer/Platforms/MacOSX.platform/Developer/SDKs/MacOSX10.11.sdk;
				SYMROOT = /Users/yanai/Desktop/curlppTest/Mac/test00/xcode/build;
			};
			name = Release;
		};
/* End XCBuildConfiguration section */

/* Begin XCConfigurationList section */
		0050B43F9322420696C93906 /* Build configuration list for PBXAggregateTarget "ALL_BUILD" */ = {
			isa = XCConfigurationList;
			buildConfigurations = (
				809D5847D5B84CE48EE8B0D5 /* Debug */,
				94FBD31D34314E4FAA9CDFD8 /* Release */,
				6C3DDE69D5DD4CEF96017D14 /* MinSizeRel */,
				E873B791E1594517B0A29859 /* RelWithDebInfo */,
			);
			defaultConfigurationIsVisible = 0;
			defaultConfigurationName = Debug;
		};
		865F081044AD434D96D1F5A5 /* Build configuration list for PBXAggregateTarget "ZERO_CHECK" */ = {
			isa = XCConfigurationList;
			buildConfigurations = (
				A2C581566B5749C8AC2D68E0 /* Debug */,
				304700C69AA146C0AF6890DF /* Release */,
				3781E520188A4D72B45B015E /* MinSizeRel */,
				9CA6CC716A924147A3687391 /* RelWithDebInfo */,
			);
			defaultConfigurationIsVisible = 0;
			defaultConfigurationName = Debug;
		};
		C5FA45CF1D174A65B40B3573 /* Build configuration list for PBXNativeTarget "test00" */ = {
			isa = XCConfigurationList;
			buildConfigurations = (
				D370DFF5A722408AA17A98B2 /* Debug */,
				56651F364C294F7698DCE030 /* Release */,
				52F6DD3FFA4A4B0099F7CA1C /* MinSizeRel */,
				B0FBBCF123ED41F4BF259115 /* RelWithDebInfo */,
			);
			defaultConfigurationIsVisible = 0;
			defaultConfigurationName = Debug;
		};
		E172AE7ECA7D46DC8CECEFFC /* Build configuration list for PBXProject "test00" */ = {
			isa = XCConfigurationList;
			buildConfigurations = (
				78099BE53354445EA25C3145 /* Debug */,
				FA4E980D9D654ED5A4BFCB9C /* Release */,
				4B3BB48E9DE74B5AA8620815 /* MinSizeRel */,
				39E6AE41CF784C5D927FDB2C /* RelWithDebInfo */,
			);
			defaultConfigurationIsVisible = 0;
			defaultConfigurationName = Debug;
		};
/* End XCConfigurationList section */
	};
	rootObject = 87D9ED75D6AD46488339D95F /* Project object */;
}
